<?xml version="1.0" encoding="utf-8"?>
<Project ToolsVersion="4.0" xmlns="http://schemas.microsoft.com/developer/msbuild/2003">
  <ItemGroup>
    <ClCompile Include="vkneed.c" />
    <ClCompile Include="hook.c" />
    <ClCompile Include="nsbypass.c" />
  </ItemGroup>
  <ItemGroup>
    <ClInclude Include="nsbypass.h" />
    <ClInclude Include="hook.h" />
  </ItemGroup>
</Project>