
Microsoft Visual Studio Solution File, Format Version 12.00
# Visual Studio Version 17
VisualStudioVersion = 17.8.34004.107
MinimumVisualStudioVersion = 10.0.40219.1
Project("{9A19103F-16F7-4668-BE54-9A1E7A4F7556}") = "ColorMC.Android", "ColorMC.Android\ColorMC.Android.csproj", "{044FD105-E455-4D1A-AC5B-9AB94E3F29B4}"
EndProject
Project("{9A19103F-16F7-4668-BE54-9A1E7A4F7556}") = "ColorMC.Gui", "ColorMC\src\ColorMC.Gui\ColorMC.Gui.csproj", "{CFF06F00-FDE8-4129-9BA8-2D0467ACCF14}"
EndProject
Project("{9A19103F-16F7-4668-BE54-9A1E7A4F7556}") = "ColorMC.Core", "ColorMC\src\ColorMC.Core\ColorMC.Core.csproj", "{91E85065-5163-44ED-B137-22908354E72E}"
EndProject
Project("{9A19103F-16F7-4668-BE54-9A1E7A4F7556}") = "Live2DCSharpSDK.App", "ColorMC\Live2DCSharpSDK\Live2DCSharpSDK.App\Live2DCSharpSDK.App.csproj", "{8CF3EB19-F97F-49A4-99D6-6B28B7F8E0A3}"
EndProject
Project("{9A19103F-16F7-4668-BE54-9A1E7A4F7556}") = "Live2DCSharpSDK.Framework", "ColorMC\Live2DCSharpSDK\Live2DCSharpSDK.Framework\Live2DCSharpSDK.Framework.csproj", "{71804DEA-E71C-4097-A499-3C664FBF77C5}"
EndProject
Project("{9A19103F-16F7-4668-BE54-9A1E7A4F7556}") = "ColorMC.Android.Lib", "ColorMC.Android.Lib\ColorMC.Android.Lib.csproj", "{6C2501CD-758C-463E-9201-4B41C178C6BC}"
EndProject
Project("{9A19103F-16F7-4668-BE54-9A1E7A4F7556}") = "ColorMC.Android.GLRender", "ColorMC.Android.Render\ColorMC.Android.GLRender.csproj", "{8E8AF212-958B-40DA-8A29-84EBB6EFBF40}"
EndProject
Project("{2150E333-8FDC-42A3-9474-1A3956D46DE8}") = "解决方案项", "解决方案项", "{CD48B1C6-4318-4E67-A311-FB96CA0E7504}"
	ProjectSection(SolutionItems) = preProject
		ColorMC\src\Directory.Build.props = ColorMC\src\Directory.Build.props
	EndProjectSection
EndProject
Project("{39E2626F-3545-4960-A6E8-258AD8476CE5}") = "Android1", "Android1\Android1.androidproj", "{0A1CB233-0605-4293-8308-7AD95ED6275C}"
EndProject
Global
	GlobalSection(SolutionConfigurationPlatforms) = preSolution
		Debug|Any CPU = Debug|Any CPU
		Debug|ARM = Debug|ARM
		Debug|ARM64 = Debug|ARM64
		Debug|x64 = Debug|x64
		Debug|x86 = Debug|x86
		Release|Any CPU = Release|Any CPU
		Release|ARM = Release|ARM
		Release|ARM64 = Release|ARM64
		Release|x64 = Release|x64
		Release|x86 = Release|x86
	EndGlobalSection
	GlobalSection(ProjectConfigurationPlatforms) = postSolution
		{044FD105-E455-4D1A-AC5B-9AB94E3F29B4}.Debug|Any CPU.ActiveCfg = Debug|Any CPU
		{044FD105-E455-4D1A-AC5B-9AB94E3F29B4}.Debug|Any CPU.Build.0 = Debug|Any CPU
		{044FD105-E455-4D1A-AC5B-9AB94E3F29B4}.Debug|Any CPU.Deploy.0 = Debug|Any CPU
		{044FD105-E455-4D1A-AC5B-9AB94E3F29B4}.Debug|ARM.ActiveCfg = Debug|Any CPU
		{044FD105-E455-4D1A-AC5B-9AB94E3F29B4}.Debug|ARM.Build.0 = Debug|Any CPU
		{044FD105-E455-4D1A-AC5B-9AB94E3F29B4}.Debug|ARM.Deploy.0 = Debug|Any CPU
		{044FD105-E455-4D1A-AC5B-9AB94E3F29B4}.Debug|ARM64.ActiveCfg = Debug|ARM64
		{044FD105-E455-4D1A-AC5B-9AB94E3F29B4}.Debug|ARM64.Build.0 = Debug|ARM64
		{044FD105-E455-4D1A-AC5B-9AB94E3F29B4}.Debug|ARM64.Deploy.0 = Debug|ARM64
		{044FD105-E455-4D1A-AC5B-9AB94E3F29B4}.Debug|x64.ActiveCfg = Debug|Any CPU
		{044FD105-E455-4D1A-AC5B-9AB94E3F29B4}.Debug|x64.Build.0 = Debug|Any CPU
		{044FD105-E455-4D1A-AC5B-9AB94E3F29B4}.Debug|x64.Deploy.0 = Debug|Any CPU
		{044FD105-E455-4D1A-AC5B-9AB94E3F29B4}.Debug|x86.ActiveCfg = Debug|Any CPU
		{044FD105-E455-4D1A-AC5B-9AB94E3F29B4}.Debug|x86.Build.0 = Debug|Any CPU
		{044FD105-E455-4D1A-AC5B-9AB94E3F29B4}.Debug|x86.Deploy.0 = Debug|Any CPU
		{044FD105-E455-4D1A-AC5B-9AB94E3F29B4}.Release|Any CPU.ActiveCfg = Release|Any CPU
		{044FD105-E455-4D1A-AC5B-9AB94E3F29B4}.Release|Any CPU.Build.0 = Release|Any CPU
		{044FD105-E455-4D1A-AC5B-9AB94E3F29B4}.Release|Any CPU.Deploy.0 = Release|Any CPU
		{044FD105-E455-4D1A-AC5B-9AB94E3F29B4}.Release|ARM.ActiveCfg = Release|Any CPU
		{044FD105-E455-4D1A-AC5B-9AB94E3F29B4}.Release|ARM.Build.0 = Release|Any CPU
		{044FD105-E455-4D1A-AC5B-9AB94E3F29B4}.Release|ARM.Deploy.0 = Release|Any CPU
		{044FD105-E455-4D1A-AC5B-9AB94E3F29B4}.Release|ARM64.ActiveCfg = Release|ARM64
		{044FD105-E455-4D1A-AC5B-9AB94E3F29B4}.Release|ARM64.Build.0 = Release|ARM64
		{044FD105-E455-4D1A-AC5B-9AB94E3F29B4}.Release|ARM64.Deploy.0 = Release|ARM64
		{044FD105-E455-4D1A-AC5B-9AB94E3F29B4}.Release|x64.ActiveCfg = Release|Any CPU
		{044FD105-E455-4D1A-AC5B-9AB94E3F29B4}.Release|x64.Build.0 = Release|Any CPU
		{044FD105-E455-4D1A-AC5B-9AB94E3F29B4}.Release|x64.Deploy.0 = Release|Any CPU
		{044FD105-E455-4D1A-AC5B-9AB94E3F29B4}.Release|x86.ActiveCfg = Release|Any CPU
		{044FD105-E455-4D1A-AC5B-9AB94E3F29B4}.Release|x86.Build.0 = Release|Any CPU
		{044FD105-E455-4D1A-AC5B-9AB94E3F29B4}.Release|x86.Deploy.0 = Release|Any CPU
		{CFF06F00-FDE8-4129-9BA8-2D0467ACCF14}.Debug|Any CPU.ActiveCfg = Debug|Any CPU
		{CFF06F00-FDE8-4129-9BA8-2D0467ACCF14}.Debug|Any CPU.Build.0 = Debug|Any CPU
		{CFF06F00-FDE8-4129-9BA8-2D0467ACCF14}.Debug|ARM.ActiveCfg = Debug|Any CPU
		{CFF06F00-FDE8-4129-9BA8-2D0467ACCF14}.Debug|ARM.Build.0 = Debug|Any CPU
		{CFF06F00-FDE8-4129-9BA8-2D0467ACCF14}.Debug|ARM64.ActiveCfg = Debug|ARM64
		{CFF06F00-FDE8-4129-9BA8-2D0467ACCF14}.Debug|ARM64.Build.0 = Debug|ARM64
		{CFF06F00-FDE8-4129-9BA8-2D0467ACCF14}.Debug|x64.ActiveCfg = Debug|Any CPU
		{CFF06F00-FDE8-4129-9BA8-2D0467ACCF14}.Debug|x64.Build.0 = Debug|Any CPU
		{CFF06F00-FDE8-4129-9BA8-2D0467ACCF14}.Debug|x86.ActiveCfg = Debug|Any CPU
		{CFF06F00-FDE8-4129-9BA8-2D0467ACCF14}.Debug|x86.Build.0 = Debug|Any CPU
		{CFF06F00-FDE8-4129-9BA8-2D0467ACCF14}.Release|Any CPU.ActiveCfg = Release|Any CPU
		{CFF06F00-FDE8-4129-9BA8-2D0467ACCF14}.Release|Any CPU.Build.0 = Release|Any CPU
		{CFF06F00-FDE8-4129-9BA8-2D0467ACCF14}.Release|ARM.ActiveCfg = Release|Any CPU
		{CFF06F00-FDE8-4129-9BA8-2D0467ACCF14}.Release|ARM.Build.0 = Release|Any CPU
		{CFF06F00-FDE8-4129-9BA8-2D0467ACCF14}.Release|ARM64.ActiveCfg = Release|ARM64
		{CFF06F00-FDE8-4129-9BA8-2D0467ACCF14}.Release|ARM64.Build.0 = Release|ARM64
		{CFF06F00-FDE8-4129-9BA8-2D0467ACCF14}.Release|x64.ActiveCfg = Release|Any CPU
		{CFF06F00-FDE8-4129-9BA8-2D0467ACCF14}.Release|x64.Build.0 = Release|Any CPU
		{CFF06F00-FDE8-4129-9BA8-2D0467ACCF14}.Release|x86.ActiveCfg = Release|Any CPU
		{CFF06F00-FDE8-4129-9BA8-2D0467ACCF14}.Release|x86.Build.0 = Release|Any CPU
		{91E85065-5163-44ED-B137-22908354E72E}.Debug|Any CPU.ActiveCfg = Debug|Any CPU
		{91E85065-5163-44ED-B137-22908354E72E}.Debug|Any CPU.Build.0 = Debug|Any CPU
		{91E85065-5163-44ED-B137-22908354E72E}.Debug|ARM.ActiveCfg = Debug|Any CPU
		{91E85065-5163-44ED-B137-22908354E72E}.Debug|ARM.Build.0 = Debug|Any CPU
		{91E85065-5163-44ED-B137-22908354E72E}.Debug|ARM64.ActiveCfg = Debug|ARM64
		{91E85065-5163-44ED-B137-22908354E72E}.Debug|ARM64.Build.0 = Debug|ARM64
		{91E85065-5163-44ED-B137-22908354E72E}.Debug|x64.ActiveCfg = Debug|Any CPU
		{91E85065-5163-44ED-B137-22908354E72E}.Debug|x64.Build.0 = Debug|Any CPU
		{91E85065-5163-44ED-B137-22908354E72E}.Debug|x86.ActiveCfg = Debug|Any CPU
		{91E85065-5163-44ED-B137-22908354E72E}.Debug|x86.Build.0 = Debug|Any CPU
		{91E85065-5163-44ED-B137-22908354E72E}.Release|Any CPU.ActiveCfg = Release|Any CPU
		{91E85065-5163-44ED-B137-22908354E72E}.Release|Any CPU.Build.0 = Release|Any CPU
		{91E85065-5163-44ED-B137-22908354E72E}.Release|ARM.ActiveCfg = Release|Any CPU
		{91E85065-5163-44ED-B137-22908354E72E}.Release|ARM.Build.0 = Release|Any CPU
		{91E85065-5163-44ED-B137-22908354E72E}.Release|ARM64.ActiveCfg = Release|ARM64
		{91E85065-5163-44ED-B137-22908354E72E}.Release|ARM64.Build.0 = Release|ARM64
		{91E85065-5163-44ED-B137-22908354E72E}.Release|x64.ActiveCfg = Release|Any CPU
		{91E85065-5163-44ED-B137-22908354E72E}.Release|x64.Build.0 = Release|Any CPU
		{91E85065-5163-44ED-B137-22908354E72E}.Release|x86.ActiveCfg = Release|Any CPU
		{91E85065-5163-44ED-B137-22908354E72E}.Release|x86.Build.0 = Release|Any CPU
		{8CF3EB19-F97F-49A4-99D6-6B28B7F8E0A3}.Debug|Any CPU.ActiveCfg = Debug|Any CPU
		{8CF3EB19-F97F-49A4-99D6-6B28B7F8E0A3}.Debug|Any CPU.Build.0 = Debug|Any CPU
		{8CF3EB19-F97F-49A4-99D6-6B28B7F8E0A3}.Debug|ARM.ActiveCfg = Debug|Any CPU
		{8CF3EB19-F97F-49A4-99D6-6B28B7F8E0A3}.Debug|ARM.Build.0 = Debug|Any CPU
		{8CF3EB19-F97F-49A4-99D6-6B28B7F8E0A3}.Debug|ARM64.ActiveCfg = Debug|ARM64
		{8CF3EB19-F97F-49A4-99D6-6B28B7F8E0A3}.Debug|ARM64.Build.0 = Debug|ARM64
		{8CF3EB19-F97F-49A4-99D6-6B28B7F8E0A3}.Debug|x64.ActiveCfg = Debug|Any CPU
		{8CF3EB19-F97F-49A4-99D6-6B28B7F8E0A3}.Debug|x64.Build.0 = Debug|Any CPU
		{8CF3EB19-F97F-49A4-99D6-6B28B7F8E0A3}.Debug|x86.ActiveCfg = Debug|Any CPU
		{8CF3EB19-F97F-49A4-99D6-6B28B7F8E0A3}.Debug|x86.Build.0 = Debug|Any CPU
		{8CF3EB19-F97F-49A4-99D6-6B28B7F8E0A3}.Release|Any CPU.ActiveCfg = Release|Any CPU
		{8CF3EB19-F97F-49A4-99D6-6B28B7F8E0A3}.Release|Any CPU.Build.0 = Release|Any CPU
		{8CF3EB19-F97F-49A4-99D6-6B28B7F8E0A3}.Release|ARM.ActiveCfg = Release|Any CPU
		{8CF3EB19-F97F-49A4-99D6-6B28B7F8E0A3}.Release|ARM.Build.0 = Release|Any CPU
		{8CF3EB19-F97F-49A4-99D6-6B28B7F8E0A3}.Release|ARM64.ActiveCfg = Release|ARM64
		{8CF3EB19-F97F-49A4-99D6-6B28B7F8E0A3}.Release|ARM64.Build.0 = Release|ARM64
		{8CF3EB19-F97F-49A4-99D6-6B28B7F8E0A3}.Release|x64.ActiveCfg = Release|Any CPU
		{8CF3EB19-F97F-49A4-99D6-6B28B7F8E0A3}.Release|x64.Build.0 = Release|Any CPU
		{8CF3EB19-F97F-49A4-99D6-6B28B7F8E0A3}.Release|x86.ActiveCfg = Release|Any CPU
		{8CF3EB19-F97F-49A4-99D6-6B28B7F8E0A3}.Release|x86.Build.0 = Release|Any CPU
		{71804DEA-E71C-4097-A499-3C664FBF77C5}.Debug|Any CPU.ActiveCfg = Debug|Any CPU
		{71804DEA-E71C-4097-A499-3C664FBF77C5}.Debug|Any CPU.Build.0 = Debug|Any CPU
		{71804DEA-E71C-4097-A499-3C664FBF77C5}.Debug|ARM.ActiveCfg = Debug|Any CPU
		{71804DEA-E71C-4097-A499-3C664FBF77C5}.Debug|ARM.Build.0 = Debug|Any CPU
		{71804DEA-E71C-4097-A499-3C664FBF77C5}.Debug|ARM64.ActiveCfg = Debug|ARM64
		{71804DEA-E71C-4097-A499-3C664FBF77C5}.Debug|ARM64.Build.0 = Debug|ARM64
		{71804DEA-E71C-4097-A499-3C664FBF77C5}.Debug|x64.ActiveCfg = Debug|Any CPU
		{71804DEA-E71C-4097-A499-3C664FBF77C5}.Debug|x64.Build.0 = Debug|Any CPU
		{71804DEA-E71C-4097-A499-3C664FBF77C5}.Debug|x86.ActiveCfg = Debug|Any CPU
		{71804DEA-E71C-4097-A499-3C664FBF77C5}.Debug|x86.Build.0 = Debug|Any CPU
		{71804DEA-E71C-4097-A499-3C664FBF77C5}.Release|Any CPU.ActiveCfg = Release|Any CPU
		{71804DEA-E71C-4097-A499-3C664FBF77C5}.Release|Any CPU.Build.0 = Release|Any CPU
		{71804DEA-E71C-4097-A499-3C664FBF77C5}.Release|ARM.ActiveCfg = Release|Any CPU
		{71804DEA-E71C-4097-A499-3C664FBF77C5}.Release|ARM.Build.0 = Release|Any CPU
		{71804DEA-E71C-4097-A499-3C664FBF77C5}.Release|ARM64.ActiveCfg = Release|ARM64
		{71804DEA-E71C-4097-A499-3C664FBF77C5}.Release|ARM64.Build.0 = Release|ARM64
		{71804DEA-E71C-4097-A499-3C664FBF77C5}.Release|x64.ActiveCfg = Release|Any CPU
		{71804DEA-E71C-4097-A499-3C664FBF77C5}.Release|x64.Build.0 = Release|Any CPU
		{71804DEA-E71C-4097-A499-3C664FBF77C5}.Release|x86.ActiveCfg = Release|Any CPU
		{71804DEA-E71C-4097-A499-3C664FBF77C5}.Release|x86.Build.0 = Release|Any CPU
		{6C2501CD-758C-463E-9201-4B41C178C6BC}.Debug|Any CPU.ActiveCfg = Debug|Any CPU
		{6C2501CD-758C-463E-9201-4B41C178C6BC}.Debug|Any CPU.Build.0 = Debug|Any CPU
		{6C2501CD-758C-463E-9201-4B41C178C6BC}.Debug|ARM.ActiveCfg = Debug|Any CPU
		{6C2501CD-758C-463E-9201-4B41C178C6BC}.Debug|ARM.Build.0 = Debug|Any CPU
		{6C2501CD-758C-463E-9201-4B41C178C6BC}.Debug|ARM64.ActiveCfg = Debug|ARM64
		{6C2501CD-758C-463E-9201-4B41C178C6BC}.Debug|ARM64.Build.0 = Debug|ARM64
		{6C2501CD-758C-463E-9201-4B41C178C6BC}.Debug|x64.ActiveCfg = Debug|Any CPU
		{6C2501CD-758C-463E-9201-4B41C178C6BC}.Debug|x64.Build.0 = Debug|Any CPU
		{6C2501CD-758C-463E-9201-4B41C178C6BC}.Debug|x86.ActiveCfg = Debug|Any CPU
		{6C2501CD-758C-463E-9201-4B41C178C6BC}.Debug|x86.Build.0 = Debug|Any CPU
		{6C2501CD-758C-463E-9201-4B41C178C6BC}.Release|Any CPU.ActiveCfg = Release|Any CPU
		{6C2501CD-758C-463E-9201-4B41C178C6BC}.Release|Any CPU.Build.0 = Release|Any CPU
		{6C2501CD-758C-463E-9201-4B41C178C6BC}.Release|ARM.ActiveCfg = Release|Any CPU
		{6C2501CD-758C-463E-9201-4B41C178C6BC}.Release|ARM.Build.0 = Release|Any CPU
		{6C2501CD-758C-463E-9201-4B41C178C6BC}.Release|ARM64.ActiveCfg = Release|ARM64
		{6C2501CD-758C-463E-9201-4B41C178C6BC}.Release|ARM64.Build.0 = Release|ARM64
		{6C2501CD-758C-463E-9201-4B41C178C6BC}.Release|x64.ActiveCfg = Release|Any CPU
		{6C2501CD-758C-463E-9201-4B41C178C6BC}.Release|x64.Build.0 = Release|Any CPU
		{6C2501CD-758C-463E-9201-4B41C178C6BC}.Release|x86.ActiveCfg = Release|Any CPU
		{6C2501CD-758C-463E-9201-4B41C178C6BC}.Release|x86.Build.0 = Release|Any CPU
		{8E8AF212-958B-40DA-8A29-84EBB6EFBF40}.Debug|Any CPU.ActiveCfg = Debug|Any CPU
		{8E8AF212-958B-40DA-8A29-84EBB6EFBF40}.Debug|Any CPU.Build.0 = Debug|Any CPU
		{8E8AF212-958B-40DA-8A29-84EBB6EFBF40}.Debug|ARM.ActiveCfg = Debug|Any CPU
		{8E8AF212-958B-40DA-8A29-84EBB6EFBF40}.Debug|ARM.Build.0 = Debug|Any CPU
		{8E8AF212-958B-40DA-8A29-84EBB6EFBF40}.Debug|ARM64.ActiveCfg = Debug|Any CPU
		{8E8AF212-958B-40DA-8A29-84EBB6EFBF40}.Debug|ARM64.Build.0 = Debug|Any CPU
		{8E8AF212-958B-40DA-8A29-84EBB6EFBF40}.Debug|x64.ActiveCfg = Debug|Any CPU
		{8E8AF212-958B-40DA-8A29-84EBB6EFBF40}.Debug|x64.Build.0 = Debug|Any CPU
		{8E8AF212-958B-40DA-8A29-84EBB6EFBF40}.Debug|x86.ActiveCfg = Debug|Any CPU
		{8E8AF212-958B-40DA-8A29-84EBB6EFBF40}.Debug|x86.Build.0 = Debug|Any CPU
		{8E8AF212-958B-40DA-8A29-84EBB6EFBF40}.Release|Any CPU.ActiveCfg = Release|Any CPU
		{8E8AF212-958B-40DA-8A29-84EBB6EFBF40}.Release|Any CPU.Build.0 = Release|Any CPU
		{8E8AF212-958B-40DA-8A29-84EBB6EFBF40}.Release|ARM.ActiveCfg = Release|Any CPU
		{8E8AF212-958B-40DA-8A29-84EBB6EFBF40}.Release|ARM.Build.0 = Release|Any CPU
		{8E8AF212-958B-40DA-8A29-84EBB6EFBF40}.Release|ARM64.ActiveCfg = Release|Any CPU
		{8E8AF212-958B-40DA-8A29-84EBB6EFBF40}.Release|ARM64.Build.0 = Release|Any CPU
		{8E8AF212-958B-40DA-8A29-84EBB6EFBF40}.Release|x64.ActiveCfg = Release|Any CPU
		{8E8AF212-958B-40DA-8A29-84EBB6EFBF40}.Release|x64.Build.0 = Release|Any CPU
		{8E8AF212-958B-40DA-8A29-84EBB6EFBF40}.Release|x86.ActiveCfg = Release|Any CPU
		{8E8AF212-958B-40DA-8A29-84EBB6EFBF40}.Release|x86.Build.0 = Release|Any CPU
		{0A1CB233-0605-4293-8308-7AD95ED6275C}.Debug|Any CPU.ActiveCfg = Debug|x64
		{0A1CB233-0605-4293-8308-7AD95ED6275C}.Debug|Any CPU.Build.0 = Debug|x64
		{0A1CB233-0605-4293-8308-7AD95ED6275C}.Debug|ARM.ActiveCfg = Debug|ARM
		{0A1CB233-0605-4293-8308-7AD95ED6275C}.Debug|ARM.Build.0 = Debug|ARM
		{0A1CB233-0605-4293-8308-7AD95ED6275C}.Debug|ARM64.ActiveCfg = Debug|ARM64
		{0A1CB233-0605-4293-8308-7AD95ED6275C}.Debug|ARM64.Build.0 = Debug|ARM64
		{0A1CB233-0605-4293-8308-7AD95ED6275C}.Debug|x64.ActiveCfg = Debug|x64
		{0A1CB233-0605-4293-8308-7AD95ED6275C}.Debug|x64.Build.0 = Debug|x64
		{0A1CB233-0605-4293-8308-7AD95ED6275C}.Debug|x86.ActiveCfg = Debug|x86
		{0A1CB233-0605-4293-8308-7AD95ED6275C}.Debug|x86.Build.0 = Debug|x86
		{0A1CB233-0605-4293-8308-7AD95ED6275C}.Release|Any CPU.ActiveCfg = Release|x64
		{0A1CB233-0605-4293-8308-7AD95ED6275C}.Release|Any CPU.Build.0 = Release|x64
		{0A1CB233-0605-4293-8308-7AD95ED6275C}.Release|ARM.ActiveCfg = Release|ARM
		{0A1CB233-0605-4293-8308-7AD95ED6275C}.Release|ARM.Build.0 = Release|ARM
		{0A1CB233-0605-4293-8308-7AD95ED6275C}.Release|ARM64.ActiveCfg = Release|ARM64
		{0A1CB233-0605-4293-8308-7AD95ED6275C}.Release|ARM64.Build.0 = Release|ARM64
		{0A1CB233-0605-4293-8308-7AD95ED6275C}.Release|x64.ActiveCfg = Release|x64
		{0A1CB233-0605-4293-8308-7AD95ED6275C}.Release|x64.Build.0 = Release|x64
		{0A1CB233-0605-4293-8308-7AD95ED6275C}.Release|x86.ActiveCfg = Release|x86
		{0A1CB233-0605-4293-8308-7AD95ED6275C}.Release|x86.Build.0 = Release|x86
	EndGlobalSection
	GlobalSection(SolutionProperties) = preSolution
		HideSolutionNode = FALSE
	EndGlobalSection
	GlobalSection(ExtensibilityGlobals) = postSolution
		SolutionGuid = {030AC42D-532F-4C13-9919-1670697147AA}
	EndGlobalSection
EndGlobal
